
Microsoft Visual Studio Solution File, Format Version 12.00
# Visual Studio Version 17
VisualStudioVersion = 17.3.32811.315
MinimumVisualStudioVersion = 10.0.40219.1
Project("{FAE04EC0-301F-11D3-BF4B-00C04F79EFBC}") = "LinkedListYT", "LinkedListYT.csproj", "{23466348-1CD8-435F-B625-297FE88AEBDE}"
EndProject
Global
	GlobalSection(SolutionConfigurationPlatforms) = preSolution
		Debug|Any CPU = Debug|Any CPU
		Release|Any CPU = Release|Any CPU
	EndGlobalSection
	GlobalSection(ProjectConfigurationPlatforms) = postSolution
		{23466348-1CD8-435F-B625-297FE88AEBDE}.Debug|Any CPU.ActiveCfg = Debug|Any CPU
		{23466348-1CD8-435F-B625-297FE88AEBDE}.Debug|Any CPU.Build.0 = Debug|Any CPU
		{23466348-1CD8-435F-B625-297FE88AEBDE}.Release|Any CPU.ActiveCfg = Release|Any CPU
		{23466348-1CD8-435F-B625-297FE88AEBDE}.Release|Any CPU.Build.0 = Release|Any CPU
	EndGlobalSection
	GlobalSection(SolutionProperties) = preSolution
		HideSolutionNode = FALSE
	EndGlobalSection
	GlobalSection(ExtensibilityGlobals) = postSolution
		SolutionGuid = {ABBDD7BD-5B02-4987-B44C-F138A3ECB212}
	EndGlobalSection
EndGlobal
